
Microsoft Visual Studio Solution File, Format Version 12.00
# Visual Studio Version 17
VisualStudioVersion = 17.10.35013.160
MinimumVisualStudioVersion = 10.0.40219.1
Project("{9A19103F-16F7-4668-BE54-9A1E7A4F7556}") = "Shap.Flexer.Examples", "Shap.Flexer.Examples\Shap.Flexer.Examples.csproj", "{356DAE11-0F66-4A2E-A3F9-F66CFA91C8EB}"
EndProject
Project("{9A19103F-16F7-4668-BE54-9A1E7A4F7556}") = "Shap.Flexer", "..\Source\Shap.Flexer\Shap.Flexer.csproj", "{22ECF5DA-FA22-4A01-8FFA-464659009859}"
EndProject
Global
	GlobalSection(SolutionConfigurationPlatforms) = preSolution
		Debug|Any CPU = Debug|Any CPU
		Release|Any CPU = Release|Any CPU
	EndGlobalSection
	GlobalSection(ProjectConfigurationPlatforms) = postSolution
		{356DAE11-0F66-4A2E-A3F9-F66CFA91C8EB}.Debug|Any CPU.ActiveCfg = Debug|Any CPU
		{356DAE11-0F66-4A2E-A3F9-F66CFA91C8EB}.Debug|Any CPU.Build.0 = Debug|Any CPU
		{356DAE11-0F66-4A2E-A3F9-F66CFA91C8EB}.Release|Any CPU.ActiveCfg = Release|Any CPU
		{356DAE11-0F66-4A2E-A3F9-F66CFA91C8EB}.Release|Any CPU.Build.0 = Release|Any CPU
		{22ECF5DA-FA22-4A01-8FFA-464659009859}.Debug|Any CPU.ActiveCfg = Debug|Any CPU
		{22ECF5DA-FA22-4A01-8FFA-464659009859}.Debug|Any CPU.Build.0 = Debug|Any CPU
		{22ECF5DA-FA22-4A01-8FFA-464659009859}.Release|Any CPU.ActiveCfg = Release|Any CPU
		{22ECF5DA-FA22-4A01-8FFA-464659009859}.Release|Any CPU.Build.0 = Release|Any CPU
	EndGlobalSection
	GlobalSection(SolutionProperties) = preSolution
		HideSolutionNode = FALSE
	EndGlobalSection
	GlobalSection(ExtensibilityGlobals) = postSolution
		SolutionGuid = {86F72D55-AB19-48EC-ACB3-2DB311C7564B}
	EndGlobalSection
EndGlobal
